
Microsoft Visual Studio Solution File, Format Version 12.00
# Visual Studio 14
VisualStudioVersion = 14.0.25420.1
MinimumVisualStudioVersion = 10.0.40219.1
Project("{FAE04EC0-301F-11D3-BF4B-00C04F79EFBC}") = "ISWT-Roulette", "ISWT-Roulette\ISWT-Roulette.csproj", "{D0797829-8A7C-4E72-814F-F83AF15694AB}"
EndProject
Global
	GlobalSection(SolutionConfigurationPlatforms) = preSolution
		Debug|Any CPU = Debug|Any CPU
		Release|Any CPU = Release|Any CPU
	EndGlobalSection
	GlobalSection(ProjectConfigurationPlatforms) = postSolution
		{D0797829-8A7C-4E72-814F-F83AF15694AB}.Debug|Any CPU.ActiveCfg = Debug|Any CPU
		{D0797829-8A7C-4E72-814F-F83AF15694AB}.Debug|Any CPU.Build.0 = Debug|Any CPU
		{D0797829-8A7C-4E72-814F-F83AF15694AB}.Release|Any CPU.ActiveCfg = Release|Any CPU
		{D0797829-8A7C-4E72-814F-F83AF15694AB}.Release|Any CPU.Build.0 = Release|Any CPU
	EndGlobalSection
	GlobalSection(SolutionProperties) = preSolution
		HideSolutionNode = FALSE
	EndGlobalSection
EndGlobal
